
Microsoft Visual Studio Solution File, Format Version 12.00
# Visual Studio Version 17
VisualStudioVersion = 17.4.33205.214
MinimumVisualStudioVersion = 10.0.40219.1
Project("{2150E333-8FDC-42A3-9474-1A3956D46DE8}") = "01-started", "01-started", "{BF3B132E-7A3B-41F1-8FBB-D3AC12FEF33C}"
EndProject
Project("{8BC9CEB8-8B4A-11D0-8D11-00A0C91BC942}") = "01-hello-window", "01-started\01-hello-window\01-hello-window.vcxproj", "{02567D1C-BA38-473E-9DAB-26992D47C4D4}"
EndProject
Project("{8BC9CEB8-8B4A-11D0-8D11-00A0C91BC942}") = "02-hello-triangle", "01-started\02-hello-triangle\02-hello-triangle.vcxproj", "{157EC0BB-897C-4CC5-8E3D-C57109BF8BCD}"
EndProject
Project("{8BC9CEB8-8B4A-11D0-8D11-00A0C91BC942}") = "02-hello-triangle-2", "01-started\02-hello-triangle-2\02-hello-triangle-2.vcxproj", "{7D808BF3-3A10-4DDE-88D9-1FAE2EBAB217}"
EndProject
Project("{8BC9CEB8-8B4A-11D0-8D11-00A0C91BC942}") = "03-hello-shader", "01-started\03-hello-shader\03-hello-shader.vcxproj", "{26CDA6C5-56E4-4F29-8057-C4286319101C}"
EndProject
Project("{8BC9CEB8-8B4A-11D0-8D11-00A0C91BC942}") = "03-hello-shader-2", "01-started\03-hello-shader-2\03-hello-shader-2.vcxproj", "{A5CBEFC4-78CD-466D-83C0-9BBDC163A22D}"
EndProject
Project("{8BC9CEB8-8B4A-11D0-8D11-00A0C91BC942}") = "04-hello-texture", "01-started\04-hello-texture\04-hello-texture.vcxproj", "{72F2966E-A8A4-4963-A53E-7F3DD2E81B26}"
EndProject
Project("{8BC9CEB8-8B4A-11D0-8D11-00A0C91BC942}") = "04-hello-texture-2", "01-started\04-hello-texture-2\04-hello-texture-2.vcxproj", "{D42EB1E4-1A68-4570-A661-EAA2C4527D3A}"
EndProject
Project("{8BC9CEB8-8B4A-11D0-8D11-00A0C91BC942}") = "05-transforms-gui", "01-started\05-transforms-gui\05-transforms-gui.vcxproj", "{9F5CF17C-BA02-4F08-A443-799DD239269C}"
	ProjectSection(ProjectDependencies) = postProject
		{46AF5AA3-C5EC-433A-9439-D2FD98456380} = {46AF5AA3-C5EC-433A-9439-D2FD98456380}
	EndProjectSection
EndProject
Project("{2150E333-8FDC-42A3-9474-1A3956D46DE8}") = "00-libs", "00-libs", "{F8C5678C-EADF-48FC-B9B4-4EA148759A9C}"
EndProject
Project("{8BC9CEB8-8B4A-11D0-8D11-00A0C91BC942}") = "imgui", "libs\imgui\imgui.vcxproj", "{46AF5AA3-C5EC-433A-9439-D2FD98456380}"
EndProject
Project("{8BC9CEB8-8B4A-11D0-8D11-00A0C91BC942}") = "glad", "libs\glad\glad.vcxproj", "{611B3ED4-6028-4BE4-8919-B1A55D5A3C20}"
EndProject
Project("{8BC9CEB8-8B4A-11D0-8D11-00A0C91BC942}") = "satan", "libs\satan\satan.vcxproj", "{77EED9B3-16B4-40FD-BD1E-5D11A062D079}"
EndProject
Project("{8BC9CEB8-8B4A-11D0-8D11-00A0C91BC942}") = "05-transforms", "01-started\05-transforms\05-transforms.vcxproj", "{07DC436B-3788-4CC3-9720-5823F9AC4DB6}"
EndProject
Project("{8BC9CEB8-8B4A-11D0-8D11-00A0C91BC942}") = "06-coordinate", "01-started\06-coordinate\06-coordinate.vcxproj", "{806338D9-0CC7-4806-8C21-640B46087C0C}"
EndProject
Project("{8BC9CEB8-8B4A-11D0-8D11-00A0C91BC942}") = "07-camera", "01-started\07-camera\07-camera.vcxproj", "{AC54CCFD-0621-4643-83F2-332E0FF09B80}"
EndProject
Global
	GlobalSection(SolutionConfigurationPlatforms) = preSolution
		Debug|x64 = Debug|x64
		Debug|x86 = Debug|x86
		Release|x64 = Release|x64
		Release|x86 = Release|x86
	EndGlobalSection
	GlobalSection(ProjectConfigurationPlatforms) = postSolution
		{02567D1C-BA38-473E-9DAB-26992D47C4D4}.Debug|x64.ActiveCfg = Debug|x64
		{02567D1C-BA38-473E-9DAB-26992D47C4D4}.Debug|x64.Build.0 = Debug|x64
		{02567D1C-BA38-473E-9DAB-26992D47C4D4}.Debug|x86.ActiveCfg = Debug|Win32
		{02567D1C-BA38-473E-9DAB-26992D47C4D4}.Debug|x86.Build.0 = Debug|Win32
		{02567D1C-BA38-473E-9DAB-26992D47C4D4}.Release|x64.ActiveCfg = Release|x64
		{02567D1C-BA38-473E-9DAB-26992D47C4D4}.Release|x64.Build.0 = Release|x64
		{02567D1C-BA38-473E-9DAB-26992D47C4D4}.Release|x86.ActiveCfg = Release|Win32
		{02567D1C-BA38-473E-9DAB-26992D47C4D4}.Release|x86.Build.0 = Release|Win32
		{157EC0BB-897C-4CC5-8E3D-C57109BF8BCD}.Debug|x64.ActiveCfg = Debug|x64
		{157EC0BB-897C-4CC5-8E3D-C57109BF8BCD}.Debug|x64.Build.0 = Debug|x64
		{157EC0BB-897C-4CC5-8E3D-C57109BF8BCD}.Debug|x86.ActiveCfg = Debug|Win32
		{157EC0BB-897C-4CC5-8E3D-C57109BF8BCD}.Debug|x86.Build.0 = Debug|Win32
		{157EC0BB-897C-4CC5-8E3D-C57109BF8BCD}.Release|x64.ActiveCfg = Release|x64
		{157EC0BB-897C-4CC5-8E3D-C57109BF8BCD}.Release|x64.Build.0 = Release|x64
		{157EC0BB-897C-4CC5-8E3D-C57109BF8BCD}.Release|x86.ActiveCfg = Release|Win32
		{157EC0BB-897C-4CC5-8E3D-C57109BF8BCD}.Release|x86.Build.0 = Release|Win32
		{7D808BF3-3A10-4DDE-88D9-1FAE2EBAB217}.Debug|x64.ActiveCfg = Debug|x64
		{7D808BF3-3A10-4DDE-88D9-1FAE2EBAB217}.Debug|x64.Build.0 = Debug|x64
		{7D808BF3-3A10-4DDE-88D9-1FAE2EBAB217}.Debug|x86.ActiveCfg = Debug|Win32
		{7D808BF3-3A10-4DDE-88D9-1FAE2EBAB217}.Debug|x86.Build.0 = Debug|Win32
		{7D808BF3-3A10-4DDE-88D9-1FAE2EBAB217}.Release|x64.ActiveCfg = Release|x64
		{7D808BF3-3A10-4DDE-88D9-1FAE2EBAB217}.Release|x64.Build.0 = Release|x64
		{7D808BF3-3A10-4DDE-88D9-1FAE2EBAB217}.Release|x86.ActiveCfg = Release|Win32
		{7D808BF3-3A10-4DDE-88D9-1FAE2EBAB217}.Release|x86.Build.0 = Release|Win32
		{26CDA6C5-56E4-4F29-8057-C4286319101C}.Debug|x64.ActiveCfg = Debug|x64
		{26CDA6C5-56E4-4F29-8057-C4286319101C}.Debug|x64.Build.0 = Debug|x64
		{26CDA6C5-56E4-4F29-8057-C4286319101C}.Debug|x86.ActiveCfg = Debug|Win32
		{26CDA6C5-56E4-4F29-8057-C4286319101C}.Debug|x86.Build.0 = Debug|Win32
		{26CDA6C5-56E4-4F29-8057-C4286319101C}.Release|x64.ActiveCfg = Release|x64
		{26CDA6C5-56E4-4F29-8057-C4286319101C}.Release|x64.Build.0 = Release|x64
		{26CDA6C5-56E4-4F29-8057-C4286319101C}.Release|x86.ActiveCfg = Release|Win32
		{26CDA6C5-56E4-4F29-8057-C4286319101C}.Release|x86.Build.0 = Release|Win32
		{A5CBEFC4-78CD-466D-83C0-9BBDC163A22D}.Debug|x64.ActiveCfg = Debug|x64
		{A5CBEFC4-78CD-466D-83C0-9BBDC163A22D}.Debug|x64.Build.0 = Debug|x64
		{A5CBEFC4-78CD-466D-83C0-9BBDC163A22D}.Debug|x86.ActiveCfg = Debug|Win32
		{A5CBEFC4-78CD-466D-83C0-9BBDC163A22D}.Debug|x86.Build.0 = Debug|Win32
		{A5CBEFC4-78CD-466D-83C0-9BBDC163A22D}.Release|x64.ActiveCfg = Release|x64
		{A5CBEFC4-78CD-466D-83C0-9BBDC163A22D}.Release|x64.Build.0 = Release|x64
		{A5CBEFC4-78CD-466D-83C0-9BBDC163A22D}.Release|x86.ActiveCfg = Release|Win32
		{A5CBEFC4-78CD-466D-83C0-9BBDC163A22D}.Release|x86.Build.0 = Release|Win32
		{72F2966E-A8A4-4963-A53E-7F3DD2E81B26}.Debug|x64.ActiveCfg = Debug|x64
		{72F2966E-A8A4-4963-A53E-7F3DD2E81B26}.Debug|x64.Build.0 = Debug|x64
		{72F2966E-A8A4-4963-A53E-7F3DD2E81B26}.Debug|x86.ActiveCfg = Debug|Win32
		{72F2966E-A8A4-4963-A53E-7F3DD2E81B26}.Debug|x86.Build.0 = Debug|Win32
		{72F2966E-A8A4-4963-A53E-7F3DD2E81B26}.Release|x64.ActiveCfg = Release|x64
		{72F2966E-A8A4-4963-A53E-7F3DD2E81B26}.Release|x64.Build.0 = Release|x64
		{72F2966E-A8A4-4963-A53E-7F3DD2E81B26}.Release|x86.ActiveCfg = Release|Win32
		{72F2966E-A8A4-4963-A53E-7F3DD2E81B26}.Release|x86.Build.0 = Release|Win32
		{D42EB1E4-1A68-4570-A661-EAA2C4527D3A}.Debug|x64.ActiveCfg = Debug|x64
		{D42EB1E4-1A68-4570-A661-EAA2C4527D3A}.Debug|x64.Build.0 = Debug|x64
		{D42EB1E4-1A68-4570-A661-EAA2C4527D3A}.Debug|x86.ActiveCfg = Debug|Win32
		{D42EB1E4-1A68-4570-A661-EAA2C4527D3A}.Debug|x86.Build.0 = Debug|Win32
		{D42EB1E4-1A68-4570-A661-EAA2C4527D3A}.Release|x64.ActiveCfg = Release|x64
		{D42EB1E4-1A68-4570-A661-EAA2C4527D3A}.Release|x64.Build.0 = Release|x64
		{D42EB1E4-1A68-4570-A661-EAA2C4527D3A}.Release|x86.ActiveCfg = Release|Win32
		{D42EB1E4-1A68-4570-A661-EAA2C4527D3A}.Release|x86.Build.0 = Release|Win32
		{9F5CF17C-BA02-4F08-A443-799DD239269C}.Debug|x64.ActiveCfg = Debug|x64
		{9F5CF17C-BA02-4F08-A443-799DD239269C}.Debug|x64.Build.0 = Debug|x64
		{9F5CF17C-BA02-4F08-A443-799DD239269C}.Debug|x86.ActiveCfg = Debug|Win32
		{9F5CF17C-BA02-4F08-A443-799DD239269C}.Debug|x86.Build.0 = Debug|Win32
		{9F5CF17C-BA02-4F08-A443-799DD239269C}.Release|x64.ActiveCfg = Release|x64
		{9F5CF17C-BA02-4F08-A443-799DD239269C}.Release|x64.Build.0 = Release|x64
		{9F5CF17C-BA02-4F08-A443-799DD239269C}.Release|x86.ActiveCfg = Release|Win32
		{9F5CF17C-BA02-4F08-A443-799DD239269C}.Release|x86.Build.0 = Release|Win32
		{46AF5AA3-C5EC-433A-9439-D2FD98456380}.Debug|x64.ActiveCfg = Debug|x64
		{46AF5AA3-C5EC-433A-9439-D2FD98456380}.Debug|x64.Build.0 = Debug|x64
		{46AF5AA3-C5EC-433A-9439-D2FD98456380}.Debug|x86.ActiveCfg = Debug|Win32
		{46AF5AA3-C5EC-433A-9439-D2FD98456380}.Debug|x86.Build.0 = Debug|Win32
		{46AF5AA3-C5EC-433A-9439-D2FD98456380}.Release|x64.ActiveCfg = Release|x64
		{46AF5AA3-C5EC-433A-9439-D2FD98456380}.Release|x64.Build.0 = Release|x64
		{46AF5AA3-C5EC-433A-9439-D2FD98456380}.Release|x86.ActiveCfg = Release|Win32
		{46AF5AA3-C5EC-433A-9439-D2FD98456380}.Release|x86.Build.0 = Release|Win32
		{611B3ED4-6028-4BE4-8919-B1A55D5A3C20}.Debug|x64.ActiveCfg = Debug|x64
		{611B3ED4-6028-4BE4-8919-B1A55D5A3C20}.Debug|x64.Build.0 = Debug|x64
		{611B3ED4-6028-4BE4-8919-B1A55D5A3C20}.Debug|x86.ActiveCfg = Debug|Win32
		{611B3ED4-6028-4BE4-8919-B1A55D5A3C20}.Debug|x86.Build.0 = Debug|Win32
		{611B3ED4-6028-4BE4-8919-B1A55D5A3C20}.Release|x64.ActiveCfg = Release|x64
		{611B3ED4-6028-4BE4-8919-B1A55D5A3C20}.Release|x64.Build.0 = Release|x64
		{611B3ED4-6028-4BE4-8919-B1A55D5A3C20}.Release|x86.ActiveCfg = Release|Win32
		{611B3ED4-6028-4BE4-8919-B1A55D5A3C20}.Release|x86.Build.0 = Release|Win32
		{77EED9B3-16B4-40FD-BD1E-5D11A062D079}.Debug|x64.ActiveCfg = Debug|x64
		{77EED9B3-16B4-40FD-BD1E-5D11A062D079}.Debug|x64.Build.0 = Debug|x64
		{77EED9B3-16B4-40FD-BD1E-5D11A062D079}.Debug|x86.ActiveCfg = Debug|Win32
		{77EED9B3-16B4-40FD-BD1E-5D11A062D079}.Debug|x86.Build.0 = Debug|Win32
		{77EED9B3-16B4-40FD-BD1E-5D11A062D079}.Release|x64.ActiveCfg = Release|x64
		{77EED9B3-16B4-40FD-BD1E-5D11A062D079}.Release|x64.Build.0 = Release|x64
		{77EED9B3-16B4-40FD-BD1E-5D11A062D079}.Release|x86.ActiveCfg = Release|Win32
		{77EED9B3-16B4-40FD-BD1E-5D11A062D079}.Release|x86.Build.0 = Release|Win32
		{07DC436B-3788-4CC3-9720-5823F9AC4DB6}.Debug|x64.ActiveCfg = Debug|x64
		{07DC436B-3788-4CC3-9720-5823F9AC4DB6}.Debug|x64.Build.0 = Debug|x64
		{07DC436B-3788-4CC3-9720-5823F9AC4DB6}.Debug|x86.ActiveCfg = Debug|Win32
		{07DC436B-3788-4CC3-9720-5823F9AC4DB6}.Debug|x86.Build.0 = Debug|Win32
		{07DC436B-3788-4CC3-9720-5823F9AC4DB6}.Release|x64.ActiveCfg = Release|x64
		{07DC436B-3788-4CC3-9720-5823F9AC4DB6}.Release|x64.Build.0 = Release|x64
		{07DC436B-3788-4CC3-9720-5823F9AC4DB6}.Release|x86.ActiveCfg = Release|Win32
		{07DC436B-3788-4CC3-9720-5823F9AC4DB6}.Release|x86.Build.0 = Release|Win32
		{806338D9-0CC7-4806-8C21-640B46087C0C}.Debug|x64.ActiveCfg = Debug|x64
		{806338D9-0CC7-4806-8C21-640B46087C0C}.Debug|x64.Build.0 = Debug|x64
		{806338D9-0CC7-4806-8C21-640B46087C0C}.Debug|x86.ActiveCfg = Debug|Win32
		{806338D9-0CC7-4806-8C21-640B46087C0C}.Debug|x86.Build.0 = Debug|Win32
		{806338D9-0CC7-4806-8C21-640B46087C0C}.Release|x64.ActiveCfg = Release|x64
		{806338D9-0CC7-4806-8C21-640B46087C0C}.Release|x64.Build.0 = Release|x64
		{806338D9-0CC7-4806-8C21-640B46087C0C}.Release|x86.ActiveCfg = Release|Win32
		{806338D9-0CC7-4806-8C21-640B46087C0C}.Release|x86.Build.0 = Release|Win32
		{AC54CCFD-0621-4643-83F2-332E0FF09B80}.Debug|x64.ActiveCfg = Debug|x64
		{AC54CCFD-0621-4643-83F2-332E0FF09B80}.Debug|x64.Build.0 = Debug|x64
		{AC54CCFD-0621-4643-83F2-332E0FF09B80}.Debug|x86.ActiveCfg = Debug|Win32
		{AC54CCFD-0621-4643-83F2-332E0FF09B80}.Debug|x86.Build.0 = Debug|Win32
		{AC54CCFD-0621-4643-83F2-332E0FF09B80}.Release|x64.ActiveCfg = Release|x64
		{AC54CCFD-0621-4643-83F2-332E0FF09B80}.Release|x64.Build.0 = Release|x64
		{AC54CCFD-0621-4643-83F2-332E0FF09B80}.Release|x86.ActiveCfg = Release|Win32
		{AC54CCFD-0621-4643-83F2-332E0FF09B80}.Release|x86.Build.0 = Release|Win32
	EndGlobalSection
	GlobalSection(SolutionProperties) = preSolution
		HideSolutionNode = FALSE
	EndGlobalSection
	GlobalSection(NestedProjects) = preSolution
		{02567D1C-BA38-473E-9DAB-26992D47C4D4} = {BF3B132E-7A3B-41F1-8FBB-D3AC12FEF33C}
		{157EC0BB-897C-4CC5-8E3D-C57109BF8BCD} = {BF3B132E-7A3B-41F1-8FBB-D3AC12FEF33C}
		{7D808BF3-3A10-4DDE-88D9-1FAE2EBAB217} = {BF3B132E-7A3B-41F1-8FBB-D3AC12FEF33C}
		{26CDA6C5-56E4-4F29-8057-C4286319101C} = {BF3B132E-7A3B-41F1-8FBB-D3AC12FEF33C}
		{A5CBEFC4-78CD-466D-83C0-9BBDC163A22D} = {BF3B132E-7A3B-41F1-8FBB-D3AC12FEF33C}
		{72F2966E-A8A4-4963-A53E-7F3DD2E81B26} = {BF3B132E-7A3B-41F1-8FBB-D3AC12FEF33C}
		{D42EB1E4-1A68-4570-A661-EAA2C4527D3A} = {BF3B132E-7A3B-41F1-8FBB-D3AC12FEF33C}
		{9F5CF17C-BA02-4F08-A443-799DD239269C} = {BF3B132E-7A3B-41F1-8FBB-D3AC12FEF33C}
		{46AF5AA3-C5EC-433A-9439-D2FD98456380} = {F8C5678C-EADF-48FC-B9B4-4EA148759A9C}
		{611B3ED4-6028-4BE4-8919-B1A55D5A3C20} = {F8C5678C-EADF-48FC-B9B4-4EA148759A9C}
		{77EED9B3-16B4-40FD-BD1E-5D11A062D079} = {F8C5678C-EADF-48FC-B9B4-4EA148759A9C}
		{07DC436B-3788-4CC3-9720-5823F9AC4DB6} = {BF3B132E-7A3B-41F1-8FBB-D3AC12FEF33C}
		{806338D9-0CC7-4806-8C21-640B46087C0C} = {BF3B132E-7A3B-41F1-8FBB-D3AC12FEF33C}
		{AC54CCFD-0621-4643-83F2-332E0FF09B80} = {BF3B132E-7A3B-41F1-8FBB-D3AC12FEF33C}
	EndGlobalSection
	GlobalSection(ExtensibilityGlobals) = postSolution
		SolutionGuid = {AE20D12A-98B5-428C-B399-F65DC7D15CF5}
	EndGlobalSection
EndGlobal
