<?xml version="1.0" encoding="utf-8"?>
<Project ToolsVersion="4.0" xmlns="http://schemas.microsoft.com/developer/msbuild/2003">
  <ItemGroup>
    <ClInclude Include="Geometry.h" />
    <ClInclude Include="Core\Object.h">
      <Filter>Core</Filter>
    </ClInclude>
    <ClInclude Include="Core\Actor.h">
      <Filter>Core</Filter>
    </ClInclude>
    <ClInclude Include="Core\Shader.h">
      <Filter>Core</Filter>
    </ClInclude>
    <ClInclude Include="Render\ModelActor.h">
      <Filter>Render</Filter>
    </ClInclude>
    <ClInclude Include="Core\Mesh.h">
      <Filter>Core</Filter>
    </ClInclude>
    <ClInclude Include="Core\Scene.h">
      <Filter>Core</Filter>
    </ClInclude>
    <ClInclude Include="Core\Camera.h">
      <Filter>Core</Filter>
    </ClInclude>
    <ClInclude Include="Core\Engine.h">
      <Filter>Core</Filter>
    </ClInclude>
    <ClInclude Include="Core\Texture2D.h">
      <Filter>Core</Filter>
    </ClInclude>
    <ClInclude Include="Core\Log.h">
      <Filter>Core</Filter>
    </ClInclude>
    <ClInclude Include="Core\Utils\Utils.h">
      <Filter>Core\Utils</Filter>
    </ClInclude>
    <ClInclude Include="Core\Utils\Gui.h">
      <Filter>Core\Utils</Filter>
    </ClInclude>
    <ClInclude Include="Core\Utils\Time.h">
      <Filter>Core\Utils</Filter>
    </ClInclude>
    <ClInclude Include="Core\Input.h">
      <Filter>Core</Filter>
    </ClInclude>
  </ItemGroup>
  <ItemGroup>
    <Filter Include="Core">
      <UniqueIdentifier>{f984f894-a8e1-45ac-8936-242f8cef4ab5}</UniqueIdentifier>
    </Filter>
    <Filter Include="Render">
      <UniqueIdentifier>{2628a927-77c5-441b-8ded-a2fffc545c1e}</UniqueIdentifier>
    </Filter>
    <Filter Include="Shader">
      <UniqueIdentifier>{34145bd8-7497-49d1-96ac-6706ac86337c}</UniqueIdentifier>
    </Filter>
    <Filter Include="Core\Utils">
      <UniqueIdentifier>{d81a6f16-3323-442e-9fef-761089e47798}</UniqueIdentifier>
    </Filter>
  </ItemGroup>
  <ItemGroup>
    <None Include="Shader\model.frag">
      <Filter>Shader</Filter>
    </None>
    <None Include="Shader\model.vert">
      <Filter>Shader</Filter>
    </None>
  </ItemGroup>
</Project>