
Microsoft Visual Studio Solution File, Format Version 12.00
# Visual Studio 15
VisualStudioVersion = 15.0.28307.1340
MinimumVisualStudioVersion = 10.0.40219.1
Project("{8BC9CEB8-8B4A-11D0-8D11-00A0C91BC942}") = "01-HelloColors", "01-HelloColors\01-HelloColors.vcxproj", "{58C47516-C38D-403A-86AC-481DAB2418BD}"
EndProject
Global
	GlobalSection(SolutionConfigurationPlatforms) = preSolution
		Debug|x64 = Debug|x64
		Debug|x86 = Debug|x86
		Release|x64 = Release|x64
		Release|x86 = Release|x86
	EndGlobalSection
	GlobalSection(ProjectConfigurationPlatforms) = postSolution
		{58C47516-C38D-403A-86AC-481DAB2418BD}.Debug|x64.ActiveCfg = Debug|x64
		{58C47516-C38D-403A-86AC-481DAB2418BD}.Debug|x64.Build.0 = Debug|x64
		{58C47516-C38D-403A-86AC-481DAB2418BD}.Debug|x86.ActiveCfg = Debug|Win32
		{58C47516-C38D-403A-86AC-481DAB2418BD}.Debug|x86.Build.0 = Debug|Win32
		{58C47516-C38D-403A-86AC-481DAB2418BD}.Release|x64.ActiveCfg = Release|x64
		{58C47516-C38D-403A-86AC-481DAB2418BD}.Release|x64.Build.0 = Release|x64
		{58C47516-C38D-403A-86AC-481DAB2418BD}.Release|x86.ActiveCfg = Release|Win32
		{58C47516-C38D-403A-86AC-481DAB2418BD}.Release|x86.Build.0 = Release|Win32
	EndGlobalSection
	GlobalSection(SolutionProperties) = preSolution
		HideSolutionNode = FALSE
	EndGlobalSection
	GlobalSection(ExtensibilityGlobals) = postSolution
		SolutionGuid = {F8006C35-E6B0-4B7C-9492-655DE3313C07}
	EndGlobalSection
EndGlobal
