
Microsoft Visual Studio Solution File, Format Version 12.00
# Visual Studio Version 17
VisualStudioVersion = 17.4.33205.214
MinimumVisualStudioVersion = 10.0.40219.1
Project("{8BC9CEB8-8B4A-11D0-8D11-00A0C91BC942}") = "01-hello-window", "01-hello-window\01-hello-window.vcxproj", "{02567D1C-BA38-473E-9DAB-26992D47C4D4}"
EndProject
Project("{8BC9CEB8-8B4A-11D0-8D11-00A0C91BC942}") = "02-hello-triangle", "02-hello-triangle\02-hello-triangle.vcxproj", "{157EC0BB-897C-4CC5-8E3D-C57109BF8BCD}"
EndProject
Project("{8BC9CEB8-8B4A-11D0-8D11-00A0C91BC942}") = "02-hello-triangle-2", "02-hello-triangle-2\02-hello-triangle-2.vcxproj", "{7D808BF3-3A10-4DDE-88D9-1FAE2EBAB217}"
EndProject
Global
	GlobalSection(SolutionConfigurationPlatforms) = preSolution
		Debug|x64 = Debug|x64
		Debug|x86 = Debug|x86
		Release|x64 = Release|x64
		Release|x86 = Release|x86
	EndGlobalSection
	GlobalSection(ProjectConfigurationPlatforms) = postSolution
		{02567D1C-BA38-473E-9DAB-26992D47C4D4}.Debug|x64.ActiveCfg = Debug|x64
		{02567D1C-BA38-473E-9DAB-26992D47C4D4}.Debug|x64.Build.0 = Debug|x64
		{02567D1C-BA38-473E-9DAB-26992D47C4D4}.Debug|x86.ActiveCfg = Debug|Win32
		{02567D1C-BA38-473E-9DAB-26992D47C4D4}.Debug|x86.Build.0 = Debug|Win32
		{02567D1C-BA38-473E-9DAB-26992D47C4D4}.Release|x64.ActiveCfg = Release|x64
		{02567D1C-BA38-473E-9DAB-26992D47C4D4}.Release|x64.Build.0 = Release|x64
		{02567D1C-BA38-473E-9DAB-26992D47C4D4}.Release|x86.ActiveCfg = Release|Win32
		{02567D1C-BA38-473E-9DAB-26992D47C4D4}.Release|x86.Build.0 = Release|Win32
		{157EC0BB-897C-4CC5-8E3D-C57109BF8BCD}.Debug|x64.ActiveCfg = Debug|x64
		{157EC0BB-897C-4CC5-8E3D-C57109BF8BCD}.Debug|x64.Build.0 = Debug|x64
		{157EC0BB-897C-4CC5-8E3D-C57109BF8BCD}.Debug|x86.ActiveCfg = Debug|Win32
		{157EC0BB-897C-4CC5-8E3D-C57109BF8BCD}.Debug|x86.Build.0 = Debug|Win32
		{157EC0BB-897C-4CC5-8E3D-C57109BF8BCD}.Release|x64.ActiveCfg = Release|x64
		{157EC0BB-897C-4CC5-8E3D-C57109BF8BCD}.Release|x64.Build.0 = Release|x64
		{157EC0BB-897C-4CC5-8E3D-C57109BF8BCD}.Release|x86.ActiveCfg = Release|Win32
		{157EC0BB-897C-4CC5-8E3D-C57109BF8BCD}.Release|x86.Build.0 = Release|Win32
		{7D808BF3-3A10-4DDE-88D9-1FAE2EBAB217}.Debug|x64.ActiveCfg = Debug|x64
		{7D808BF3-3A10-4DDE-88D9-1FAE2EBAB217}.Debug|x64.Build.0 = Debug|x64
		{7D808BF3-3A10-4DDE-88D9-1FAE2EBAB217}.Debug|x86.ActiveCfg = Debug|Win32
		{7D808BF3-3A10-4DDE-88D9-1FAE2EBAB217}.Debug|x86.Build.0 = Debug|Win32
		{7D808BF3-3A10-4DDE-88D9-1FAE2EBAB217}.Release|x64.ActiveCfg = Release|x64
		{7D808BF3-3A10-4DDE-88D9-1FAE2EBAB217}.Release|x64.Build.0 = Release|x64
		{7D808BF3-3A10-4DDE-88D9-1FAE2EBAB217}.Release|x86.ActiveCfg = Release|Win32
		{7D808BF3-3A10-4DDE-88D9-1FAE2EBAB217}.Release|x86.Build.0 = Release|Win32
	EndGlobalSection
	GlobalSection(SolutionProperties) = preSolution
		HideSolutionNode = FALSE
	EndGlobalSection
	GlobalSection(ExtensibilityGlobals) = postSolution
		SolutionGuid = {7F6F1E7D-8D30-4C82-9443-1F3B8ED52407}
	EndGlobalSection
EndGlobal
